
Microsoft Visual Studio Solution File, Format Version 12.00
# Visual Studio Version 16
VisualStudioVersion = 16.0.30711.63
MinimumVisualStudioVersion = 10.0.40219.1
Project("{2150E333-8FDC-42A3-9474-1A3956D46DE8}") = "Microservices", "Microservices", "{C298DC05-81C6-438B-B93C-DFE9DAC8A25F}"
EndProject
Project("{2150E333-8FDC-42A3-9474-1A3956D46DE8}") = "Domain", "Domain", "{BD81267A-A791-46CD-901F-29091ACFC3C7}"
EndProject
Project("{2150E333-8FDC-42A3-9474-1A3956D46DE8}") = "Infrastructure.Bus", "Infrastructure.Bus", "{6D452937-42B5-4564-85EB-1563C45A3D3C}"
EndProject
Project("{2150E333-8FDC-42A3-9474-1A3956D46DE8}") = "Infrastructure.IoC", "Infrastructure.IoC", "{36C4C4D7-84F9-4448-9769-7C11FF8161F9}"
EndProject
Project("{2150E333-8FDC-42A3-9474-1A3956D46DE8}") = "Presentation", "Presentation", "{D8DFB054-4A60-429D-92DB-EF959EC7B28F}"
EndProject
Project("{9A19103F-16F7-4668-BE54-9A1E7A4F7556}") = "MicroRabbitMq.Domain.Core", "MicroRabbitMq.Domain.Core\MicroRabbitMq.Domain.Core.csproj", "{E4B2805A-E608-4232-987F-86E217B6C158}"
EndProject
Project("{9A19103F-16F7-4668-BE54-9A1E7A4F7556}") = "MicroRabbitMq.Infrastructure.Bus", "MicroRabbitMq.Infrastructure.Bus\MicroRabbitMq.Infrastructure.Bus.csproj", "{00035950-102F-46DE-8786-FD55DE249D1A}"
EndProject
Project("{FAE04EC0-301F-11D3-BF4B-00C04F79EFBC}") = "MicroRabbitMq.Infrastructure.IoC", "MicroRabbitMq.Infrastructure.IoC\MicroRabbitMq.Infrastructure.IoC.csproj", "{9FE2EC1C-249A-42F1-9A28-F109FDEDFF21}"
EndProject
Project("{2150E333-8FDC-42A3-9474-1A3956D46DE8}") = "Banking", "Banking", "{872F8A9B-7C67-4178-94A1-E0B66C501E77}"
EndProject
Project("{2150E333-8FDC-42A3-9474-1A3956D46DE8}") = "Api", "Api", "{F9460C32-3862-402B-950F-B041A51DC3BA}"
EndProject
Project("{2150E333-8FDC-42A3-9474-1A3956D46DE8}") = "Domain", "Domain", "{31E36879-B4D8-4F0C-9139-0EA067B0DD22}"
EndProject
Project("{2150E333-8FDC-42A3-9474-1A3956D46DE8}") = "Data", "Data", "{A337A6B6-B081-494C-8E70-3EB125831669}"
EndProject
Project("{2150E333-8FDC-42A3-9474-1A3956D46DE8}") = "Application", "Application", "{22B243AB-D209-42F3-BB14-1177550E0FB2}"
EndProject
Project("{FAE04EC0-301F-11D3-BF4B-00C04F79EFBC}") = "MicroRabbitMq.Banking.Api", "MicroRabbitMq.Banking.Api\MicroRabbitMq.Banking.Api.csproj", "{B4D1E64C-BDA6-47BB-BDBF-D86D718E951B}"
EndProject
Project("{FAE04EC0-301F-11D3-BF4B-00C04F79EFBC}") = "MicroRabbitMq.Banking.Application", "MicroRabbitMq.Banking.Application\MicroRabbitMq.Banking.Application.csproj", "{3D081B5B-728C-42C6-A75C-84308C974771}"
EndProject
Project("{FAE04EC0-301F-11D3-BF4B-00C04F79EFBC}") = "MicroRabbitMq.Banking.Data", "MicroRabbitMq.Banking.Data\MicroRabbitMq.Banking.Data.csproj", "{7D7ADF8B-CC9D-45B1-A624-2708AF5EB939}"
EndProject
Project("{FAE04EC0-301F-11D3-BF4B-00C04F79EFBC}") = "MicroRabbitMq.Banking.Domain", "MicroRabbitMq.Banking.Domain\MicroRabbitMq.Banking.Domain.csproj", "{E294A3B7-1486-42BE-BD17-0FEA7EB7B9C9}"
EndProject
Global
	GlobalSection(SolutionConfigurationPlatforms) = preSolution
		Debug|Any CPU = Debug|Any CPU
		Release|Any CPU = Release|Any CPU
	EndGlobalSection
	GlobalSection(ProjectConfigurationPlatforms) = postSolution
		{E4B2805A-E608-4232-987F-86E217B6C158}.Debug|Any CPU.ActiveCfg = Debug|Any CPU
		{E4B2805A-E608-4232-987F-86E217B6C158}.Debug|Any CPU.Build.0 = Debug|Any CPU
		{E4B2805A-E608-4232-987F-86E217B6C158}.Release|Any CPU.ActiveCfg = Release|Any CPU
		{E4B2805A-E608-4232-987F-86E217B6C158}.Release|Any CPU.Build.0 = Release|Any CPU
		{00035950-102F-46DE-8786-FD55DE249D1A}.Debug|Any CPU.ActiveCfg = Debug|Any CPU
		{00035950-102F-46DE-8786-FD55DE249D1A}.Debug|Any CPU.Build.0 = Debug|Any CPU
		{00035950-102F-46DE-8786-FD55DE249D1A}.Release|Any CPU.ActiveCfg = Release|Any CPU
		{00035950-102F-46DE-8786-FD55DE249D1A}.Release|Any CPU.Build.0 = Release|Any CPU
		{9FE2EC1C-249A-42F1-9A28-F109FDEDFF21}.Debug|Any CPU.ActiveCfg = Debug|Any CPU
		{9FE2EC1C-249A-42F1-9A28-F109FDEDFF21}.Debug|Any CPU.Build.0 = Debug|Any CPU
		{9FE2EC1C-249A-42F1-9A28-F109FDEDFF21}.Release|Any CPU.ActiveCfg = Release|Any CPU
		{9FE2EC1C-249A-42F1-9A28-F109FDEDFF21}.Release|Any CPU.Build.0 = Release|Any CPU
		{B4D1E64C-BDA6-47BB-BDBF-D86D718E951B}.Debug|Any CPU.ActiveCfg = Debug|Any CPU
		{B4D1E64C-BDA6-47BB-BDBF-D86D718E951B}.Debug|Any CPU.Build.0 = Debug|Any CPU
		{B4D1E64C-BDA6-47BB-BDBF-D86D718E951B}.Release|Any CPU.ActiveCfg = Release|Any CPU
		{B4D1E64C-BDA6-47BB-BDBF-D86D718E951B}.Release|Any CPU.Build.0 = Release|Any CPU
		{3D081B5B-728C-42C6-A75C-84308C974771}.Debug|Any CPU.ActiveCfg = Debug|Any CPU
		{3D081B5B-728C-42C6-A75C-84308C974771}.Debug|Any CPU.Build.0 = Debug|Any CPU
		{3D081B5B-728C-42C6-A75C-84308C974771}.Release|Any CPU.ActiveCfg = Release|Any CPU
		{3D081B5B-728C-42C6-A75C-84308C974771}.Release|Any CPU.Build.0 = Release|Any CPU
		{7D7ADF8B-CC9D-45B1-A624-2708AF5EB939}.Debug|Any CPU.ActiveCfg = Debug|Any CPU
		{7D7ADF8B-CC9D-45B1-A624-2708AF5EB939}.Debug|Any CPU.Build.0 = Debug|Any CPU
		{7D7ADF8B-CC9D-45B1-A624-2708AF5EB939}.Release|Any CPU.ActiveCfg = Release|Any CPU
		{7D7ADF8B-CC9D-45B1-A624-2708AF5EB939}.Release|Any CPU.Build.0 = Release|Any CPU
		{E294A3B7-1486-42BE-BD17-0FEA7EB7B9C9}.Debug|Any CPU.ActiveCfg = Debug|Any CPU
		{E294A3B7-1486-42BE-BD17-0FEA7EB7B9C9}.Debug|Any CPU.Build.0 = Debug|Any CPU
		{E294A3B7-1486-42BE-BD17-0FEA7EB7B9C9}.Release|Any CPU.ActiveCfg = Release|Any CPU
		{E294A3B7-1486-42BE-BD17-0FEA7EB7B9C9}.Release|Any CPU.Build.0 = Release|Any CPU
	EndGlobalSection
	GlobalSection(SolutionProperties) = preSolution
		HideSolutionNode = FALSE
	EndGlobalSection
	GlobalSection(NestedProjects) = preSolution
		{E4B2805A-E608-4232-987F-86E217B6C158} = {BD81267A-A791-46CD-901F-29091ACFC3C7}
		{00035950-102F-46DE-8786-FD55DE249D1A} = {6D452937-42B5-4564-85EB-1563C45A3D3C}
		{9FE2EC1C-249A-42F1-9A28-F109FDEDFF21} = {36C4C4D7-84F9-4448-9769-7C11FF8161F9}
		{872F8A9B-7C67-4178-94A1-E0B66C501E77} = {C298DC05-81C6-438B-B93C-DFE9DAC8A25F}
		{F9460C32-3862-402B-950F-B041A51DC3BA} = {872F8A9B-7C67-4178-94A1-E0B66C501E77}
		{31E36879-B4D8-4F0C-9139-0EA067B0DD22} = {872F8A9B-7C67-4178-94A1-E0B66C501E77}
		{A337A6B6-B081-494C-8E70-3EB125831669} = {872F8A9B-7C67-4178-94A1-E0B66C501E77}
		{22B243AB-D209-42F3-BB14-1177550E0FB2} = {872F8A9B-7C67-4178-94A1-E0B66C501E77}
		{B4D1E64C-BDA6-47BB-BDBF-D86D718E951B} = {F9460C32-3862-402B-950F-B041A51DC3BA}
		{3D081B5B-728C-42C6-A75C-84308C974771} = {22B243AB-D209-42F3-BB14-1177550E0FB2}
		{7D7ADF8B-CC9D-45B1-A624-2708AF5EB939} = {A337A6B6-B081-494C-8E70-3EB125831669}
		{E294A3B7-1486-42BE-BD17-0FEA7EB7B9C9} = {31E36879-B4D8-4F0C-9139-0EA067B0DD22}
	EndGlobalSection
	GlobalSection(ExtensibilityGlobals) = postSolution
		SolutionGuid = {D2546745-AFA1-4A21-8ABD-4539FA01A71A}
	EndGlobalSection
EndGlobal
